Microsoft Visual Studio Solution File, Format Version 12.00
# Visual Studio 2012
Project("{FAE04EC0-301F-11D3-BF4B-00C04F79EFBC}") = "TeicsoftSpectacleCards", "TeicsoftSpectacleCards.csproj", "{9ED99F0B-7B9D-47E7-A723-0CC4C93CAA3C}"
EndProject
Global
	GlobalSection(SolutionConfigurationPlatforms) = preSolution
	Debug|Any CPU = Debug|Any CPU
	ExportDebug|Any CPU = ExportDebug|Any CPU
	ExportRelease|Any CPU = ExportRelease|Any CPU
	EndGlobalSection
	GlobalSection(ProjectConfigurationPlatforms) = postSolution
		{9ED99F0B-7B9D-47E7-A723-0CC4C93CAA3C}.Debug|Any CPU.ActiveCfg = Debug|Any CPU
		{9ED99F0B-7B9D-47E7-A723-0CC4C93CAA3C}.Debug|Any CPU.Build.0 = Debug|Any CPU
		{9ED99F0B-7B9D-47E7-A723-0CC4C93CAA3C}.ExportDebug|Any CPU.ActiveCfg = ExportDebug|Any CPU
		{9ED99F0B-7B9D-47E7-A723-0CC4C93CAA3C}.ExportDebug|Any CPU.Build.0 = ExportDebug|Any CPU
		{9ED99F0B-7B9D-47E7-A723-0CC4C93CAA3C}.ExportRelease|Any CPU.ActiveCfg = ExportRelease|Any CPU
		{9ED99F0B-7B9D-47E7-A723-0CC4C93CAA3C}.ExportRelease|Any CPU.Build.0 = ExportRelease|Any CPU
	EndGlobalSection
EndGlobal
